
Microsoft Visual Studio Solution File, Format Version 12.00
# Visual Studio Version 17
VisualStudioVersion = 17.0.31912.275
MinimumVisualStudioVersion = 10.0.40219.1
Project("{FAE04EC0-301F-11D3-BF4B-00C04F79EFBC}") = "WebAPI", "WebAPI\WebAPI.csproj", "{3ABB19A8-B3DB-473A-A271-A33A6114EE20}"
EndProject
Project("{FAE04EC0-301F-11D3-BF4B-00C04F79EFBC}") = "Domain", "Domain\Domain.csproj", "{81BD86DD-54B7-4681-B529-58ACE19D3825}"
EndProject
Project("{FAE04EC0-301F-11D3-BF4B-00C04F79EFBC}") = "Service", "Service\Service.csproj", "{38A29B7D-97A9-4E28-8B39-719EBBE168C6}"
EndProject
Project("{FAE04EC0-301F-11D3-BF4B-00C04F79EFBC}") = "Infra", "Infra\Infra.csproj", "{FB63DE14-8FD2-47CF-8A94-D2ED9CA58E6E}"
EndProject
Project("{FAE04EC0-301F-11D3-BF4B-00C04F79EFBC}") = "InfraCrossCutting", "InfraCrossCutting\InfraCrossCutting.csproj", "{D4689C84-4FB3-459A-95FC-59F1C276F44B}"
EndProject
Global
	GlobalSection(SolutionConfigurationPlatforms) = preSolution
		Debug|Any CPU = Debug|Any CPU
		Release|Any CPU = Release|Any CPU
	EndGlobalSection
	GlobalSection(ProjectConfigurationPlatforms) = postSolution
		{3ABB19A8-B3DB-473A-A271-A33A6114EE20}.Debug|Any CPU.ActiveCfg = Debug|Any CPU
		{3ABB19A8-B3DB-473A-A271-A33A6114EE20}.Debug|Any CPU.Build.0 = Debug|Any CPU
		{3ABB19A8-B3DB-473A-A271-A33A6114EE20}.Release|Any CPU.ActiveCfg = Release|Any CPU
		{3ABB19A8-B3DB-473A-A271-A33A6114EE20}.Release|Any CPU.Build.0 = Release|Any CPU
		{81BD86DD-54B7-4681-B529-58ACE19D3825}.Debug|Any CPU.ActiveCfg = Debug|Any CPU
		{81BD86DD-54B7-4681-B529-58ACE19D3825}.Debug|Any CPU.Build.0 = Debug|Any CPU
		{81BD86DD-54B7-4681-B529-58ACE19D3825}.Release|Any CPU.ActiveCfg = Release|Any CPU
		{81BD86DD-54B7-4681-B529-58ACE19D3825}.Release|Any CPU.Build.0 = Release|Any CPU
		{38A29B7D-97A9-4E28-8B39-719EBBE168C6}.Debug|Any CPU.ActiveCfg = Debug|Any CPU
		{38A29B7D-97A9-4E28-8B39-719EBBE168C6}.Debug|Any CPU.Build.0 = Debug|Any CPU
		{38A29B7D-97A9-4E28-8B39-719EBBE168C6}.Release|Any CPU.ActiveCfg = Release|Any CPU
		{38A29B7D-97A9-4E28-8B39-719EBBE168C6}.Release|Any CPU.Build.0 = Release|Any CPU
		{FB63DE14-8FD2-47CF-8A94-D2ED9CA58E6E}.Debug|Any CPU.ActiveCfg = Debug|Any CPU
		{FB63DE14-8FD2-47CF-8A94-D2ED9CA58E6E}.Debug|Any CPU.Build.0 = Debug|Any CPU
		{FB63DE14-8FD2-47CF-8A94-D2ED9CA58E6E}.Release|Any CPU.ActiveCfg = Release|Any CPU
		{FB63DE14-8FD2-47CF-8A94-D2ED9CA58E6E}.Release|Any CPU.Build.0 = Release|Any CPU
		{D4689C84-4FB3-459A-95FC-59F1C276F44B}.Debug|Any CPU.ActiveCfg = Debug|Any CPU
		{D4689C84-4FB3-459A-95FC-59F1C276F44B}.Debug|Any CPU.Build.0 = Debug|Any CPU
		{D4689C84-4FB3-459A-95FC-59F1C276F44B}.Release|Any CPU.ActiveCfg = Release|Any CPU
		{D4689C84-4FB3-459A-95FC-59F1C276F44B}.Release|Any CPU.Build.0 = Release|Any CPU
	EndGlobalSection
	GlobalSection(SolutionProperties) = preSolution
		HideSolutionNode = FALSE
	EndGlobalSection
	GlobalSection(ExtensibilityGlobals) = postSolution
		SolutionGuid = {F3F69592-3D6E-42E4-BB6D-74238D375B75}
	EndGlobalSection
EndGlobal
